
Microsoft Visual Studio Solution File, Format Version 12.00
# Visual Studio 14
VisualStudioVersion = 14.0.25420.1
MinimumVisualStudioVersion = 10.0.40219.1
Project("{FAE04EC0-301F-11D3-BF4B-00C04F79EFBC}") = "AutoCreater", "AutoCreater\AutoCreater.csproj", "{3E458CCB-F65E-4B78-ABEF-192298093295}"
EndProject
Project("{FAE04EC0-301F-11D3-BF4B-00C04F79EFBC}") = "DAL", "DAL\DAL.csproj", "{3B64906B-7E98-42BB-B091-330102FCB6DD}"
EndProject
Project("{FAE04EC0-301F-11D3-BF4B-00C04F79EFBC}") = "BLL", "BLL\BLL.csproj", "{1692BB5B-C461-46C1-8A54-A21E03F04D3D}"
EndProject
Project("{FAE04EC0-301F-11D3-BF4B-00C04F79EFBC}") = "Models", "Models\Models.csproj", "{FDA21CF9-AC9C-48A6-A209-7E76FE9663FC}"
EndProject
Project("{FAE04EC0-301F-11D3-BF4B-00C04F79EFBC}") = "CommLibrary", "CommLibrary\CommLibrary.csproj", "{C5A594A9-014E-49BC-B7E5-B78F0F7721AD}"
EndProject
Project("{2150E333-8FDC-42A3-9474-1A3956D46DE8}") = "AutoCreate", "AutoCreate", "{850FDBA1-E437-4AD9-8270-7ADBC8349BF5}"
EndProject
Project("{2150E333-8FDC-42A3-9474-1A3956D46DE8}") = "UserClient", "UserClient", "{5D5D4538-49D4-49D4-A583-BC729E5F0DAA}"
EndProject
Project("{FAE04EC0-301F-11D3-BF4B-00C04F79EFBC}") = "TextCreate", "TextCreate\TextCreate.csproj", "{F07AE0B0-F498-4247-96A2-2FC2FF9A3033}"
EndProject
Project("{FAE04EC0-301F-11D3-BF4B-00C04F79EFBC}") = "UBLL", "UBLL\UBLL.csproj", "{D5E3CD94-E4E4-4EAC-9375-EEF57121DA1D}"
EndProject
Project("{FAE04EC0-301F-11D3-BF4B-00C04F79EFBC}") = "UDAL", "UDLL\UDAL.csproj", "{17F46677-21A1-468B-B397-A9589275C7FF}"
EndProject
Project("{2150E333-8FDC-42A3-9474-1A3956D46DE8}") = "Other", "Other", "{BF6848D9-5580-46CA-A3BA-E8AD216B006F}"
EndProject
Global
	GlobalSection(SolutionConfigurationPlatforms) = preSolution
		Debug|Any CPU = Debug|Any CPU
		Release|Any CPU = Release|Any CPU
	EndGlobalSection
	GlobalSection(ProjectConfigurationPlatforms) = postSolution
		{3E458CCB-F65E-4B78-ABEF-192298093295}.Debug|Any CPU.ActiveCfg = Debug|Any CPU
		{3E458CCB-F65E-4B78-ABEF-192298093295}.Debug|Any CPU.Build.0 = Debug|Any CPU
		{3E458CCB-F65E-4B78-ABEF-192298093295}.Release|Any CPU.ActiveCfg = Release|Any CPU
		{3E458CCB-F65E-4B78-ABEF-192298093295}.Release|Any CPU.Build.0 = Release|Any CPU
		{3B64906B-7E98-42BB-B091-330102FCB6DD}.Debug|Any CPU.ActiveCfg = Debug|Any CPU
		{3B64906B-7E98-42BB-B091-330102FCB6DD}.Debug|Any CPU.Build.0 = Debug|Any CPU
		{3B64906B-7E98-42BB-B091-330102FCB6DD}.Release|Any CPU.ActiveCfg = Release|Any CPU
		{3B64906B-7E98-42BB-B091-330102FCB6DD}.Release|Any CPU.Build.0 = Release|Any CPU
		{1692BB5B-C461-46C1-8A54-A21E03F04D3D}.Debug|Any CPU.ActiveCfg = Debug|Any CPU
		{1692BB5B-C461-46C1-8A54-A21E03F04D3D}.Debug|Any CPU.Build.0 = Debug|Any CPU
		{1692BB5B-C461-46C1-8A54-A21E03F04D3D}.Release|Any CPU.ActiveCfg = Release|Any CPU
		{1692BB5B-C461-46C1-8A54-A21E03F04D3D}.Release|Any CPU.Build.0 = Release|Any CPU
		{FDA21CF9-AC9C-48A6-A209-7E76FE9663FC}.Debug|Any CPU.ActiveCfg = Debug|Any CPU
		{FDA21CF9-AC9C-48A6-A209-7E76FE9663FC}.Debug|Any CPU.Build.0 = Debug|Any CPU
		{FDA21CF9-AC9C-48A6-A209-7E76FE9663FC}.Release|Any CPU.ActiveCfg = Release|Any CPU
		{FDA21CF9-AC9C-48A6-A209-7E76FE9663FC}.Release|Any CPU.Build.0 = Release|Any CPU
		{C5A594A9-014E-49BC-B7E5-B78F0F7721AD}.Debug|Any CPU.ActiveCfg = Debug|Any CPU
		{C5A594A9-014E-49BC-B7E5-B78F0F7721AD}.Debug|Any CPU.Build.0 = Debug|Any CPU
		{C5A594A9-014E-49BC-B7E5-B78F0F7721AD}.Release|Any CPU.ActiveCfg = Release|Any CPU
		{C5A594A9-014E-49BC-B7E5-B78F0F7721AD}.Release|Any CPU.Build.0 = Release|Any CPU
		{F07AE0B0-F498-4247-96A2-2FC2FF9A3033}.Debug|Any CPU.ActiveCfg = Debug|Any CPU
		{F07AE0B0-F498-4247-96A2-2FC2FF9A3033}.Debug|Any CPU.Build.0 = Debug|Any CPU
		{F07AE0B0-F498-4247-96A2-2FC2FF9A3033}.Release|Any CPU.ActiveCfg = Release|Any CPU
		{F07AE0B0-F498-4247-96A2-2FC2FF9A3033}.Release|Any CPU.Build.0 = Release|Any CPU
		{D5E3CD94-E4E4-4EAC-9375-EEF57121DA1D}.Debug|Any CPU.ActiveCfg = Debug|Any CPU
		{D5E3CD94-E4E4-4EAC-9375-EEF57121DA1D}.Debug|Any CPU.Build.0 = Debug|Any CPU
		{D5E3CD94-E4E4-4EAC-9375-EEF57121DA1D}.Release|Any CPU.ActiveCfg = Release|Any CPU
		{D5E3CD94-E4E4-4EAC-9375-EEF57121DA1D}.Release|Any CPU.Build.0 = Release|Any CPU
		{17F46677-21A1-468B-B397-A9589275C7FF}.Debug|Any CPU.ActiveCfg = Debug|Any CPU
		{17F46677-21A1-468B-B397-A9589275C7FF}.Debug|Any CPU.Build.0 = Debug|Any CPU
		{17F46677-21A1-468B-B397-A9589275C7FF}.Release|Any CPU.ActiveCfg = Release|Any CPU
		{17F46677-21A1-468B-B397-A9589275C7FF}.Release|Any CPU.Build.0 = Release|Any CPU
	EndGlobalSection
	GlobalSection(SolutionProperties) = preSolution
		HideSolutionNode = FALSE
	EndGlobalSection
	GlobalSection(NestedProjects) = preSolution
		{3E458CCB-F65E-4B78-ABEF-192298093295} = {850FDBA1-E437-4AD9-8270-7ADBC8349BF5}
		{3B64906B-7E98-42BB-B091-330102FCB6DD} = {850FDBA1-E437-4AD9-8270-7ADBC8349BF5}
		{1692BB5B-C461-46C1-8A54-A21E03F04D3D} = {850FDBA1-E437-4AD9-8270-7ADBC8349BF5}
		{FDA21CF9-AC9C-48A6-A209-7E76FE9663FC} = {850FDBA1-E437-4AD9-8270-7ADBC8349BF5}
		{F07AE0B0-F498-4247-96A2-2FC2FF9A3033} = {5D5D4538-49D4-49D4-A583-BC729E5F0DAA}
		{D5E3CD94-E4E4-4EAC-9375-EEF57121DA1D} = {5D5D4538-49D4-49D4-A583-BC729E5F0DAA}
		{17F46677-21A1-468B-B397-A9589275C7FF} = {5D5D4538-49D4-49D4-A583-BC729E5F0DAA}
	EndGlobalSection
	GlobalSection(ExtensibilityGlobals) = postSolution
		SolutionGuid = {9E277C1E-737D-4368-9A10-FB8E518DE2F1}
	EndGlobalSection
EndGlobal
